{
  "lockfileVersion": 1,
  "configVersion": 1,
  "workspaces": {
    "": {
      "name": "codegraff-workspace",
    },
    "packages/diffs": {
      "name": "@codegraff/diffs",
      "version": "0.1.0",
      "devDependencies": {
        "@types/react": "^19.2.14",
        "typescript": "~6.0.2",
      },
      "peerDependencies": {
        "react": ">=18",
        "react-dom": ">=18",
      },
      "optionalPeers": [
        "react",
        "react-dom",
      ],
    },
    "sdk/ts": {
      "name": "@codegraff/sdk",
      "version": "0.4.2",
      "devDependencies": {
        "@types/node": "^22.10.2",
        "bun-types": "^1.3.11",
        "typescript": "~5.9.3",
      },
      "optionalDependencies": {
        "@codegraff/graff-darwin-arm64": "0.4.1",
        "@codegraff/graff-darwin-x64": "0.4.1",
        "@codegraff/graff-linux-arm64": "0.4.1",
        "@codegraff/graff-linux-x64": "0.4.1",
        "@codegraff/graff-win32-arm64": "0.4.1",
        "@codegraff/graff-win32-x64": "0.4.1",
      },
    },
  },
  "packages": {
    "@codegraff/diffs": ["@codegraff/diffs@workspace:packages/diffs"],

    "@codegraff/graff-darwin-arm64": ["@codegraff/graff-darwin-arm64@0.4.1", "", { "os": "darwin", "cpu": "arm64", "bin": { "graff": "bin/graff" } }, "sha512-W+mstpAEmQEMcGwMrJ1+Zw9/x+EUAWHOijXOer57w95F5KjyulxqSXdUmnZ8PfZqr4O+UQ7xdND4GHDKMtTfmg=="],

    "@codegraff/graff-darwin-x64": ["@codegraff/graff-darwin-x64@0.4.1", "", { "os": "darwin", "cpu": "x64", "bin": { "graff": "bin/graff" } }, "sha512-Gp9J9nVMc2caUlPdqBSzRRlJtRNx1+l09Cd6axI9qWTX2ryax87Br93ADuicH3d5+XCEPoKqyKLclE7nRWrw4A=="],

    "@codegraff/graff-linux-arm64": ["@codegraff/graff-linux-arm64@0.4.1", "", { "os": "linux", "cpu": "arm64", "bin": { "graff": "bin/graff" } }, "sha512-xmHf4zfrB/w2R20N/WFcYF6yemA7bSOXP5tDT6d50BwWfMwkQy5f9UMxriDyCJCSoFfRJsLtW8MQ2taLXXD1xA=="],

    "@codegraff/graff-linux-x64": ["@codegraff/graff-linux-x64@0.4.1", "", { "os": "linux", "cpu": "x64", "bin": { "graff": "bin/graff" } }, "sha512-FzxEpoerWhmyf7twCg/pdkWbpOC5f0jIReDfxIxO9JAWem0OEN77aI7Qsj5JIWxv138yTe3vpcBmAvSbAwvesQ=="],

    "@codegraff/graff-win32-arm64": ["@codegraff/graff-win32-arm64@0.4.1", "", { "os": "win32", "cpu": "arm64", "bin": { "graff": "bin/graff.exe" } }, "sha512-SU25GtueXakVuYlH1H38WZkEDBoSE1mhq4inxMQNcAeIvd1HTMqKObsOWxoItDv3WG8sFOiKSaonheVt312uYg=="],

    "@codegraff/graff-win32-x64": ["@codegraff/graff-win32-x64@0.4.1", "", { "os": "win32", "cpu": "x64", "bin": { "graff": "bin/graff.exe" } }, "sha512-pJHddTO31hpT3ZquWWZm7II092zE5Cb18+tD0JacNpuOj5Mih3VyV2DRZ5vVPu85cNu87HuOpHCmwZv+bxijlQ=="],

    "@codegraff/sdk": ["@codegraff/sdk@workspace:sdk/ts"],

    "@types/node": ["@types/node@22.20.1", "", { "dependencies": { "undici-types": "~6.21.0" } }, "sha512-EANqOCF9QFyra+4pfxUcX9STKJpCLjMbObVzljIJomAWSnuSIEAvyzEU53GaajbXJEgdh0iEcPL+DGvpUd4k1Q=="],

    "@types/react": ["@types/react@19.2.17", "", { "dependencies": { "csstype": "^3.2.2" } }, "sha512-MXfmqaVPEVgkBT/aY0aGCkRWWtByiYQXo3xdQ8r5RzuFrPiRn8Gar2tQdXSUQ2GKV3bkXckek89V8wQBY2Q/Aw=="],

    "bun-types": ["bun-types@1.3.14", "", { "dependencies": { "@types/node": "*" } }, "sha512-4N0ig0fEomHt5R0KCFWjovxow98rIoRwKolrYdCcknNwMekCXRnWEUvgu5soYV8QXtVsrUD8B95MBOZGPvr6KQ=="],

    "csstype": ["csstype@3.2.3", "", {}, "sha512-z1HGKcYy2xA8AGQfwrn0PAy+PB7X/GSj3UVJW9qKyn43xWa+gl5nXmU4qqLMRzWVLFC8KusUX8T/0kCiOYpAIQ=="],

    "typescript": ["typescript@6.0.3", "", { "bin": { "tsc": "bin/tsc", "tsserver": "bin/tsserver" } }, "sha512-y2TvuxSZPDyQakkFRPZHKFm+KKVqIisdg9/CZwm9ftvKXLP8NRWj38/ODjNbr43SsoXqNuAisEf1GdCxqWcdBw=="],

    "undici-types": ["undici-types@6.21.0", "", {}, "sha512-iwDZqg0QAGrg9Rav5H4n0M64c3mkR59cJ6wQp+7C4nI0gsmExaedaYLNO44eT4AtBBwjbTiGPMlt2Md0T9H9JQ=="],

    "@codegraff/sdk/typescript": ["typescript@5.9.3", "", { "bin": { "tsc": "bin/tsc", "tsserver": "bin/tsserver" } }, "sha512-jl1vZzPDinLr9eUt3J/t7V6FgNEw9QjvBPdysz9KfQDD41fQrC2Y4vKQdiaUpFT4bXlb1RHhLpp8wtm6M5TgSw=="],

    "bun-types/@types/node": ["@types/node@24.13.2", "", { "dependencies": { "undici-types": "~7.18.0" } }, "sha512-fRa09kZTgu8o71KFcDjUFuc7F+dEbZYZmkI0mg5YBTRs0yMKjYHsq/c0urDKeDb+D5qVgXOdFcuu+DZPKOITwA=="],

    "bun-types/@types/node/undici-types": ["undici-types@7.18.2", "", {}, "sha512-AsuCzffGHJybSaRrmr5eHr81mwJU3kjw6M+uprWvCXiNeN9SOGwQ3Jn8jb8m3Z6izVgknn1R0FTCEAP2QrLY/w=="],
  }
}
